
Microsoft Visual Studio Solution File, Format Version 12.00
# Visual Studio Version 16
VisualStudioVersion = 16.0.29709.97
MinimumVisualStudioVersion = 10.0.40219.1
Project("{FAE04EC0-301F-11D3-BF4B-00C04F79EFBC}") = "A-Cassignment1", "A-Cassignment1\A-Cassignment1.csproj", "{B42D34F7-8593-47F3-B786-CF739EF89F63}"
EndProject
Global
	GlobalSection(SolutionConfigurationPlatforms) = preSolution
		Debug|Any CPU = Debug|Any CPU
		Release|Any CPU = Release|Any CPU
	EndGlobalSection
	GlobalSection(ProjectConfigurationPlatforms) = postSolution
		{B42D34F7-8593-47F3-B786-CF739EF89F63}.Debug|Any CPU.ActiveCfg = Debug|Any CPU
		{B42D34F7-8593-47F3-B786-CF739EF89F63}.Debug|Any CPU.Build.0 = Debug|Any CPU
		{B42D34F7-8593-47F3-B786-CF739EF89F63}.Release|Any CPU.ActiveCfg = Release|Any CPU
		{B42D34F7-8593-47F3-B786-CF739EF89F63}.Release|Any CPU.Build.0 = Release|Any CPU
	EndGlobalSection
	GlobalSection(SolutionProperties) = preSolution
		HideSolutionNode = FALSE
	EndGlobalSection
	GlobalSection(ExtensibilityGlobals) = postSolution
		SolutionGuid = {04131FA2-B86B-4883-9B43-8BAB36C4CD48}
	EndGlobalSection
EndGlobal
