
Microsoft Visual Studio Solution File, Format Version 12.00
# Visual Studio Version 16
VisualStudioVersion = 16.0.29613.14
MinimumVisualStudioVersion = 10.0.40219.1
Project("{9A19103F-16F7-4668-BE54-9A1E7A4F7556}") = "Assignment_1", "Assignment_1.csproj", "{FAF64216-AC53-4A80-8F50-CA0EA47443D3}"
EndProject
Global
	GlobalSection(SolutionConfigurationPlatforms) = preSolution
		Debug|Any CPU = Debug|Any CPU
		Release|Any CPU = Release|Any CPU
	EndGlobalSection
	GlobalSection(ProjectConfigurationPlatforms) = postSolution
		{FAF64216-AC53-4A80-8F50-CA0EA47443D3}.Debug|Any CPU.ActiveCfg = Debug|Any CPU
		{FAF64216-AC53-4A80-8F50-CA0EA47443D3}.Debug|Any CPU.Build.0 = Debug|Any CPU
		{FAF64216-AC53-4A80-8F50-CA0EA47443D3}.Release|Any CPU.ActiveCfg = Release|Any CPU
		{FAF64216-AC53-4A80-8F50-CA0EA47443D3}.Release|Any CPU.Build.0 = Release|Any CPU
	EndGlobalSection
	GlobalSection(SolutionProperties) = preSolution
		HideSolutionNode = FALSE
	EndGlobalSection
	GlobalSection(ExtensibilityGlobals) = postSolution
		SolutionGuid = {368A9BC3-A6A9-443E-B8F5-546E6F47439A}
	EndGlobalSection
EndGlobal
